
Microsoft Visual Studio Solution File, Format Version 12.00
# Visual Studio Version 17
VisualStudioVersion = 17.4.33110.190
MinimumVisualStudioVersion = 10.0.40219.1
Project("{FAE04EC0-301F-11D3-BF4B-00C04F79EFBC}") = "Diplom", "Diplom\Diplom.csproj", "{AC739541-E66B-4C0E-92FC-235FAED1CA8F}"
EndProject
Global
	GlobalSection(SolutionConfigurationPlatforms) = preSolution
		Debug|Any CPU = Debug|Any CPU
		Release|Any CPU = Release|Any CPU
	EndGlobalSection
	GlobalSection(ProjectConfigurationPlatforms) = postSolution
		{AC739541-E66B-4C0E-92FC-235FAED1CA8F}.Debug|Any CPU.ActiveCfg = Debug|Any CPU
		{AC739541-E66B-4C0E-92FC-235FAED1CA8F}.Debug|Any CPU.Build.0 = Debug|Any CPU
		{AC739541-E66B-4C0E-92FC-235FAED1CA8F}.Release|Any CPU.ActiveCfg = Release|Any CPU
		{AC739541-E66B-4C0E-92FC-235FAED1CA8F}.Release|Any CPU.Build.0 = Release|Any CPU
	EndGlobalSection
	GlobalSection(SolutionProperties) = preSolution
		HideSolutionNode = FALSE
	EndGlobalSection
	GlobalSection(ExtensibilityGlobals) = postSolution
		SolutionGuid = {4E9450A4-804C-4E76-9F46-41657E511178}
	EndGlobalSection
EndGlobal
